
Microsoft Visual Studio Solution File, Format Version 12.00
# Visual Studio Version 17
VisualStudioVersion = 17.0.31903.59
MinimumVisualStudioVersion = 10.0.40219.1
Project("{FAE04EC0-301F-11D3-BF4B-00C04F79EFBC}") = "Producer", "Producer\Producer.csproj", "{4C0A1053-1066-43D2-9710-049C69507363}"
EndProject
Project("{FAE04EC0-301F-11D3-BF4B-00C04F79EFBC}") = "Subscriber", "Subscriber\Subscriber.csproj", "{04585B9E-B392-488A-B8F5-D4FCF521691F}"
EndProject
Global
	GlobalSection(SolutionConfigurationPlatforms) = preSolution
		Debug|Any CPU = Debug|Any CPU
		Release|Any CPU = Release|Any CPU
	EndGlobalSection
	GlobalSection(SolutionProperties) = preSolution
		HideSolutionNode = FALSE
	EndGlobalSection
	GlobalSection(ProjectConfigurationPlatforms) = postSolution
		{4C0A1053-1066-43D2-9710-049C69507363}.Debug|Any CPU.ActiveCfg = Debug|Any CPU
		{4C0A1053-1066-43D2-9710-049C69507363}.Debug|Any CPU.Build.0 = Debug|Any CPU
		{4C0A1053-1066-43D2-9710-049C69507363}.Release|Any CPU.ActiveCfg = Release|Any CPU
		{4C0A1053-1066-43D2-9710-049C69507363}.Release|Any CPU.Build.0 = Release|Any CPU
		{04585B9E-B392-488A-B8F5-D4FCF521691F}.Debug|Any CPU.ActiveCfg = Debug|Any CPU
		{04585B9E-B392-488A-B8F5-D4FCF521691F}.Debug|Any CPU.Build.0 = Debug|Any CPU
		{04585B9E-B392-488A-B8F5-D4FCF521691F}.Release|Any CPU.ActiveCfg = Release|Any CPU
		{04585B9E-B392-488A-B8F5-D4FCF521691F}.Release|Any CPU.Build.0 = Release|Any CPU
	EndGlobalSection
EndGlobal
